# THIS IS AN AUTOGENERATED FILE. DO NOT EDIT THIS FILE DIRECTLY.
# yarn lockfile v1


vee-validate@^3.3.9:
  version "3.3.9"
  resolved "https://registry.npmjs.org/vee-validate/-/vee-validate-3.3.9.tgz#73db22eb28bea913b6a93b90369bb4cbf5e67d45"
  integrity sha512-0ibP+8dNU8XitkhcB5UBnVlHdPlUqFx6jGg4vNUN/lw5geVKBvgyo83y7YCvYA5iqQPgCnuQxsx8kTHa0d/Zyw==

vue-router@^3.4.3:
  version "3.4.3"
  resolved "https://registry.npmjs.org/vue-router/-/vue-router-3.4.3.tgz#fa93768616ee338aa174f160ac965167fa572ffa"
  integrity sha512-BADg1mjGWX18Dpmy6bOGzGNnk7B/ZA0RxuA6qedY/YJwirMfKXIDzcccmHbQI0A6k5PzMdMloc0ElHfyOoX35A==
